
Microsoft Visual Studio Solution File, Format Version 12.00
# Visual Studio Version 17
VisualStudioVersion = 17.0.31903.59
MinimumVisualStudioVersion = 10.0.40219.1
Project("{FAE04EC0-301F-11D3-BF4B-00C04F79EFBC}") = "CS.Common", "Common\CS.Common.csproj", "{A55026C8-F63F-4704-92CE-6E0976E97670}"
EndProject
Project("{FAE04EC0-301F-11D3-BF4B-00C04F79EFBC}") = "CS.Lab1", "Lab1\CS.Lab1.csproj", "{E1DCA4D4-4EF6-47D2-B98D-EB9E1A2A1D97}"
EndProject
Project("{FAE04EC0-301F-11D3-BF4B-00C04F79EFBC}") = "CS.Lab3", "Lab3\CS.Lab3.csproj", "{C743CF94-A9E1-46CC-A35E-01AF14D9135D}"
EndProject
Project("{FAE04EC0-301F-11D3-BF4B-00C04F79EFBC}") = "CS.Lab4", "Lab4\CS.Lab4.csproj", "{B8BA5AEC-D685-4CB5-822D-C04D1D97B94F}"
EndProject
Global
	GlobalSection(SolutionConfigurationPlatforms) = preSolution
		Debug|Any CPU = Debug|Any CPU
		Release|Any CPU = Release|Any CPU
	EndGlobalSection
	GlobalSection(SolutionProperties) = preSolution
		HideSolutionNode = FALSE
	EndGlobalSection
	GlobalSection(ProjectConfigurationPlatforms) = postSolution
		{A55026C8-F63F-4704-92CE-6E0976E97670}.Debug|Any CPU.ActiveCfg = Debug|Any CPU
		{A55026C8-F63F-4704-92CE-6E0976E97670}.Debug|Any CPU.Build.0 = Debug|Any CPU
		{A55026C8-F63F-4704-92CE-6E0976E97670}.Release|Any CPU.ActiveCfg = Release|Any CPU
		{A55026C8-F63F-4704-92CE-6E0976E97670}.Release|Any CPU.Build.0 = Release|Any CPU
		{E1DCA4D4-4EF6-47D2-B98D-EB9E1A2A1D97}.Debug|Any CPU.ActiveCfg = Debug|Any CPU
		{E1DCA4D4-4EF6-47D2-B98D-EB9E1A2A1D97}.Debug|Any CPU.Build.0 = Debug|Any CPU
		{E1DCA4D4-4EF6-47D2-B98D-EB9E1A2A1D97}.Release|Any CPU.ActiveCfg = Release|Any CPU
		{E1DCA4D4-4EF6-47D2-B98D-EB9E1A2A1D97}.Release|Any CPU.Build.0 = Release|Any CPU
		{C743CF94-A9E1-46CC-A35E-01AF14D9135D}.Debug|Any CPU.ActiveCfg = Debug|Any CPU
		{C743CF94-A9E1-46CC-A35E-01AF14D9135D}.Debug|Any CPU.Build.0 = Debug|Any CPU
		{C743CF94-A9E1-46CC-A35E-01AF14D9135D}.Release|Any CPU.ActiveCfg = Release|Any CPU
		{C743CF94-A9E1-46CC-A35E-01AF14D9135D}.Release|Any CPU.Build.0 = Release|Any CPU
		{B8BA5AEC-D685-4CB5-822D-C04D1D97B94F}.Debug|Any CPU.ActiveCfg = Debug|Any CPU
		{B8BA5AEC-D685-4CB5-822D-C04D1D97B94F}.Debug|Any CPU.Build.0 = Debug|Any CPU
		{B8BA5AEC-D685-4CB5-822D-C04D1D97B94F}.Release|Any CPU.ActiveCfg = Release|Any CPU
		{B8BA5AEC-D685-4CB5-822D-C04D1D97B94F}.Release|Any CPU.Build.0 = Release|Any CPU
	EndGlobalSection
EndGlobal
